// !$*UTF8*$!
{
	archiveVersion = 1;
	classes = {
	};
	objectVersion = 56;
	objects = {

/* Begin PBXBuildFile section */
		2D214FC02CE080D000C932F3 /* TempoRun2App.swift in Sources */ = {isa = PBXBuildFile; fileRef = 2D214FBF2CE080D000C932F3 /* TempoRun2App.swift */; };
		2D214FC22CE080D000C932F3 /* ContentView.swift in Sources */ = {isa = PBXBuildFile; fileRef = 2D214FC12CE080D000C932F3 /* ContentView.swift */; };
		2D214FC42CE080D200C932F3 /* Assets.xcassets in Resources */ = {isa = PBXBuildFile; fileRef = 2D214FC32CE080D200C932F3 /* Assets.xcassets */; };
		2D214FC82CE080D200C932F3 /* Preview Assets.xcassets in Resources */ = {isa = PBXBuildFile; fileRef = 2D214FC72CE080D200C932F3 /* Preview Assets.xcassets */; };
		2D214FD22CE080D200C932F3 /* TempoRun2Tests.swift in Sources */ = {isa = PBXBuildFile; fileRef = 2D214FD12CE080D200C932F3 /* TempoRun2Tests.swift */; };
		2D214FDC2CE080D200C932F3 /* TempoRun2UITests.swift in Sources */ = {isa = PBXBuildFile; fileRef = 2D214FDB2CE080D200C932F3 /* TempoRun2UITests.swift */; };
		2D214FDE2CE080D200C932F3 /* TempoRun2UITestsLaunchTests.swift in Sources */ = {isa = PBXBuildFile; fileRef = 2D214FDD2CE080D200C932F3 /* TempoRun2UITestsLaunchTests.swift */; };
		2D214FEC2CE082EE00C932F3 /* Models.swift in Sources */ = {isa = PBXBuildFile; fileRef = 2D214FEB2CE082EE00C932F3 /* Models.swift */; };
		2D214FEE2CE0833700C932F3 /* SpotifyAPI.swift in Sources */ = {isa = PBXBuildFile; fileRef = 2D214FED2CE0833700C932F3 /* SpotifyAPI.swift */; };
/* End PBXBuildFile section */

/* Begin PBXContainerItemProxy section */
		2D214FCE2CE080D200C932F3 /* PBXContainerItemProxy */ = {
			isa = PBXContainerItemProxy;
			containerPortal = 2D214FB42CE080D000C932F3 /* Project object */;
			proxyType = 1;
			remoteGlobalIDString = 2D214FBB2CE080D000C932F3;
			remoteInfo = TempoRun2;
		};
		2D214FD82CE080D200C932F3 /* PBXContainerItemProxy */ = {
			isa = PBXContainerItemProxy;
			containerPortal = 2D214FB42CE080D000C932F3 /* Project object */;
			proxyType = 1;
			remoteGlobalIDString = 2D214FBB2CE080D000C932F3;
			remoteInfo = TempoRun2;
		};
/* End PBXContainerItemProxy section */

/* Begin PBXFileReference section */
		2D214FBC2CE080D000C932F3 /* TempoRun2.app */ = {isa = PBXFileReference; explicitFileType = wrapper.application; includeInIndex = 0; path = TempoRun2.app; sourceTree = BUILT_PRODUCTS_DIR; };
		2D214FBF2CE080D000C932F3 /* TempoRun2App.swift */ = {isa = PBXFileReference; lastKnownFileType = sourcecode.swift; path = TempoRun2App.swift; sourceTree = "<group>"; };
		2D214FC12CE080D000C932F3 /* ContentView.swift */ = {isa = PBXFileReference; lastKnownFileType = sourcecode.swift; path = ContentView.swift; sourceTree = "<group>"; };
		2D214FC32CE080D200C932F3 /* Assets.xcassets */ = {isa = PBXFileReference; lastKnownFileType = folder.assetcatalog; path = Assets.xcassets; sourceTree = "<group>"; };
		2D214FC52CE080D200C932F3 /* TempoRun2.entitlements */ = {isa = PBXFileReference; lastKnownFileType = text.plist.entitlements; path = TempoRun2.entitlements; sourceTree = "<group>"; };
		2D214FC72CE080D200C932F3 /* Preview Assets.xcassets */ = {isa = PBXFileReference; lastKnownFileType = folder.assetcatalog; path = "Preview Assets.xcassets"; sourceTree = "<group>"; };
		2D214FCD2CE080D200C932F3 /* TempoRun2Tests.xctest */ = {isa = PBXFileReference; explicitFileType = wrapper.cfbundle; includeInIndex = 0; path = TempoRun2Tests.xctest; sourceTree = BUILT_PRODUCTS_DIR; };
		2D214FD12CE080D200C932F3 /* TempoRun2Tests.swift */ = {isa = PBXFileReference; lastKnownFileType = sourcecode.swift; path = TempoRun2Tests.swift; sourceTree = "<group>"; };
		2D214FD72CE080D200C932F3 /* TempoRun2UITests.xctest */ = {isa = PBXFileReference; explicitFileType = wrapper.cfbundle; includeInIndex = 0; path = TempoRun2UITests.xctest; sourceTree = BUILT_PRODUCTS_DIR; };
		2D214FDB2CE080D200C932F3 /* TempoRun2UITests.swift */ = {isa = PBXFileReference; lastKnownFileType = sourcecode.swift; path = TempoRun2UITests.swift; sourceTree = "<group>"; };
		2D214FDD2CE080D200C932F3 /* TempoRun2UITestsLaunchTests.swift */ = {isa = PBXFileReference; lastKnownFileType = sourcecode.swift; path = TempoRun2UITestsLaunchTests.swift; sourceTree = "<group>"; };
		2D214FEA2CE082B900C932F3 /* Info.plist */ = {isa = PBXFileReference; lastKnownFileType = text.plist; path = Info.plist; sourceTree = "<group>"; };
		2D214FEB2CE082EE00C932F3 /* Models.swift */ = {isa = PBXFileReference; lastKnownFileType = sourcecode.swift; path = Models.swift; sourceTree = "<group>"; };
		2D214FED2CE0833700C932F3 /* SpotifyAPI.swift */ = {isa = PBXFileReference; lastKnownFileType = sourcecode.swift; path = SpotifyAPI.swift; sourceTree = "<group>"; };
/* End PBXFileReference section */

/* Begin PBXFrameworksBuildPhase section */
		2D214FB92CE080D000C932F3 /* Frameworks */ = {
			isa = PBXFrameworksBuildPhase;
			buildActionMask = 2147483647;
			files = (
			);
			runOnlyForDeploymentPostprocessing = 0;
		};
		2D214FCA2CE080D200C932F3 /* Frameworks */ = {
			isa = PBXFrameworksBuildPhase;
			buildActionMask = 2147483647;
			files = (
			);
			runOnlyForDeploymentPostprocessing = 0;
		};
		2D214FD42CE080D200C932F3 /* Frameworks */ = {
			isa = PBXFrameworksBuildPhase;
			buildActionMask = 2147483647;
			files = (
			);
			runOnlyForDeploymentPostprocessing = 0;
		};
/* End PBXFrameworksBuildPhase section */

/* Begin PBXGroup section */
		2D214FB32CE080D000C932F3 = {
			isa = PBXGroup;
			children = (
				2D214FBE2CE080D000C932F3 /* TempoRun2 */,
				2D214FD02CE080D200C932F3 /* TempoRun2Tests */,
				2D214FDA2CE080D200C932F3 /* TempoRun2UITests */,
				2D214FBD2CE080D000C932F3 /* Products */,
			);
			sourceTree = "<group>";
		};
		2D214FBD2CE080D000C932F3 /* Products */ = {
			isa = PBXGroup;
			children = (
				2D214FBC2CE080D000C932F3 /* TempoRun2.app */,
				2D214FCD2CE080D200C932F3 /* TempoRun2Tests.xctest */,
				2D214FD72CE080D200C932F3 /* TempoRun2UITests.xctest */,
			);
			name = Products;
			sourceTree = "<group>";
		};
		2D214FBE2CE080D000C932F3 /* TempoRun2 */ = {
			isa = PBXGroup;
			children = (
				2D214FEA2CE082B900C932F3 /* Info.plist */,
				2D214FBF2CE080D000C932F3 /* TempoRun2App.swift */,
				2D214FC12CE080D000C932F3 /* ContentView.swift */,
				2D214FC32CE080D200C932F3 /* Assets.xcassets */,
				2D214FC52CE080D200C932F3 /* TempoRun2.entitlements */,
				2D214FC62CE080D200C932F3 /* Preview Content */,
				2D214FEB2CE082EE00C932F3 /* Models.swift */,
				2D214FED2CE0833700C932F3 /* SpotifyAPI.swift */,
			);
			path = TempoRun2;
			sourceTree = "<group>";
		};
		2D214FC62CE080D200C932F3 /* Preview Content */ = {
			isa = PBXGroup;
			children = (
				2D214FC72CE080D200C932F3 /* Preview Assets.xcassets */,
			);
			path = "Preview Content";
			sourceTree = "<group>";
		};
		2D214FD02CE080D200C932F3 /* TempoRun2Tests */ = {
			isa = PBXGroup;
			children = (
				2D214FD12CE080D200C932F3 /* TempoRun2Tests.swift */,
			);
			path = TempoRun2Tests;
			sourceTree = "<group>";
		};
		2D214FDA2CE080D200C932F3 /* TempoRun2UITests */ = {
			isa = PBXGroup;
			children = (
				2D214FDB2CE080D200C932F3 /* TempoRun2UITests.swift */,
				2D214FDD2CE080D200C932F3 /* TempoRun2UITestsLaunchTests.swift */,
			);
			path = TempoRun2UITests;
			sourceTree = "<group>";
		};
/* End PBXGroup section */

/* Begin PBXNativeTarget section */
		2D214FBB2CE080D000C932F3 /* TempoRun2 */ = {
			isa = PBXNativeTarget;
			buildConfigurationList = 2D214FE12CE080D200C932F3 /* Build configuration list for PBXNativeTarget "TempoRun2" */;
			buildPhases = (
				2D214FB82CE080D000C932F3 /* Sources */,
				2D214FB92CE080D000C932F3 /* Frameworks */,
				2D214FBA2CE080D000C932F3 /* Resources */,
			);
			buildRules = (
			);
			dependencies = (
			);
			name = TempoRun2;
			productName = TempoRun2;
			productReference = 2D214FBC2CE080D000C932F3 /* TempoRun2.app */;
			productType = "com.apple.product-type.application";
		};
		2D214FCC2CE080D200C932F3 /* TempoRun2Tests */ = {
			isa = PBXNativeTarget;
			buildConfigurationList = 2D214FE42CE080D200C932F3 /* Build configuration list for PBXNativeTarget "TempoRun2Tests" */;
			buildPhases = (
				2D214FC92CE080D200C932F3 /* Sources */,
				2D214FCA2CE080D200C932F3 /* Frameworks */,
				2D214FCB2CE080D200C932F3 /* Resources */,
			);
			buildRules = (
			);
			dependencies = (
				2D214FCF2CE080D200C932F3 /* PBXTargetDependency */,
			);
			name = TempoRun2Tests;
			productName = TempoRun2Tests;
			productReference = 2D214FCD2CE080D200C932F3 /* TempoRun2Tests.xctest */;
			productType = "com.apple.product-type.bundle.unit-test";
		};
		2D214FD62CE080D200C932F3 /* TempoRun2UITests */ = {
			isa = PBXNativeTarget;
			buildConfigurationList = 2D214FE72CE080D200C932F3 /* Build configuration list for PBXNativeTarget "TempoRun2UITests" */;
			buildPhases = (
				2D214FD32CE080D200C932F3 /* Sources */,
				2D214FD42CE080D200C932F3 /* Frameworks */,
				2D214FD52CE080D200C932F3 /* Resources */,
			);
			buildRules = (
			);
			dependencies = (
				2D214FD92CE080D200C932F3 /* PBXTargetDependency */,
			);
			name = TempoRun2UITests;
			productName = TempoRun2UITests;
			productReference = 2D214FD72CE080D200C932F3 /* TempoRun2UITests.xctest */;
			productType = "com.apple.product-type.bundle.ui-testing";
		};
/* End PBXNativeTarget section */

/* Begin PBXProject section */
		2D214FB42CE080D000C932F3 /* Project object */ = {
			isa = PBXProject;
			attributes = {
				BuildIndependentTargetsInParallel = 1;
				LastSwiftUpdateCheck = 1500;
				LastUpgradeCheck = 1500;
				TargetAttributes = {
					2D214FBB2CE080D000C932F3 = {
						CreatedOnToolsVersion = 15.0.1;
					};
					2D214FCC2CE080D200C932F3 = {
						CreatedOnToolsVersion = 15.0.1;
						TestTargetID = 2D214FBB2CE080D000C932F3;
					};
					2D214FD62CE080D200C932F3 = {
						CreatedOnToolsVersion = 15.0.1;
						TestTargetID = 2D214FBB2CE080D000C932F3;
					};
				};
			};
			buildConfigurationList = 2D214FB72CE080D000C932F3 /* Build configuration list for PBXProject "TempoRun2" */;
			compatibilityVersion = "Xcode 14.0";
			developmentRegion = en;
			hasScannedForEncodings = 0;
			knownRegions = (
				en,
				Base,
			);
			mainGroup = 2D214FB32CE080D000C932F3;
			productRefGroup = 2D214FBD2CE080D000C932F3 /* Products */;
			projectDirPath = "";
			projectRoot = "";
			targets = (
				2D214FBB2CE080D000C932F3 /* TempoRun2 */,
				2D214FCC2CE080D200C932F3 /* TempoRun2Tests */,
				2D214FD62CE080D200C932F3 /* TempoRun2UITests */,
			);
		};
/* End PBXProject section */

/* Begin PBXResourcesBuildPhase section */
		2D214FBA2CE080D000C932F3 /* Resources */ = {
			isa = PBXResourcesBuildPhase;
			buildActionMask = 2147483647;
			files = (
				2D214FC82CE080D200C932F3 /* Preview Assets.xcassets in Resources */,
				2D214FC42CE080D200C932F3 /* Assets.xcassets in Resources */,
			);
			runOnlyForDeploymentPostprocessing = 0;
		};
		2D214FCB2CE080D200C932F3 /* Resources */ = {
			isa = PBXResourcesBuildPhase;
			buildActionMask = 2147483647;
			files = (
			);
			runOnlyForDeploymentPostprocessing = 0;
		};
		2D214FD52CE080D200C932F3 /* Resources */ = {
			isa = PBXResourcesBuildPhase;
			buildActionMask = 2147483647;
			files = (
			);
			runOnlyForDeploymentPostprocessing = 0;
		};
/* End PBXResourcesBuildPhase section */

/* Begin PBXSourcesBuildPhase section */
		2D214FB82CE080D000C932F3 /* Sources */ = {
			isa = PBXSourcesBuildPhase;
			buildActionMask = 2147483647;
			files = (
				2D214FEC2CE082EE00C932F3 /* Models.swift in Sources */,
				2D214FC22CE080D000C932F3 /* ContentView.swift in Sources */,
				2D214FC02CE080D000C932F3 /* TempoRun2App.swift in Sources */,
				2D214FEE2CE0833700C932F3 /* SpotifyAPI.swift in Sources */,
			);
			runOnlyForDeploymentPostprocessing = 0;
		};
		2D214FC92CE080D200C932F3 /* Sources */ = {
			isa = PBXSourcesBuildPhase;
			buildActionMask = 2147483647;
			files = (
				2D214FD22CE080D200C932F3 /* TempoRun2Tests.swift in Sources */,
			);
			runOnlyForDeploymentPostprocessing = 0;
		};
		2D214FD32CE080D200C932F3 /* Sources */ = {
			isa = PBXSourcesBuildPhase;
			buildActionMask = 2147483647;
			files = (
				2D214FDC2CE080D200C932F3 /* TempoRun2UITests.swift in Sources */,
				2D214FDE2CE080D200C932F3 /* TempoRun2UITestsLaunchTests.swift in Sources */,
			);
			runOnlyForDeploymentPostprocessing = 0;
		};
/* End PBXSourcesBuildPhase section */

/* Begin PBXTargetDependency section */
		2D214FCF2CE080D200C932F3 /* PBXTargetDependency */ = {
			isa = PBXTargetDependency;
			target = 2D214FBB2CE080D000C932F3 /* TempoRun2 */;
			targetProxy = 2D214FCE2CE080D200C932F3 /* PBXContainerItemProxy */;
		};
		2D214FD92CE080D200C932F3 /* PBXTargetDependency */ = {
			isa = PBXTargetDependency;
			target = 2D214FBB2CE080D000C932F3 /* TempoRun2 */;
			targetProxy = 2D214FD82CE080D200C932F3 /* PBXContainerItemProxy */;
		};
/* End PBXTargetDependency section */

/* Begin XCBuildConfiguration section */
		2D214FDF2CE080D200C932F3 /* Debug */ = {
			isa = XCBuildConfiguration;
			buildSettings = {
				ALWAYS_SEARCH_USER_PATHS = NO;
				ASSETCATALOG_COMPILER_GENERATE_SWIFT_ASSET_SYMBOL_EXTENSIONS = YES;
				CLANG_ANALYZER_NONNULL = YES;
				CLANG_ANALYZER_NUMBER_OBJECT_CONVERSION = YES_AGGRESSIVE;
				CLANG_CXX_LANGUAGE_STANDARD = "gnu++20";
				CLANG_ENABLE_MODULES = YES;
				CLANG_ENABLE_OBJC_ARC = YES;
				CLANG_ENABLE_OBJC_WEAK = YES;
				CLANG_WARN_BLOCK_CAPTURE_AUTORELEASING = YES;
				CLANG_WARN_BOOL_CONVERSION = YES;
				CLANG_WARN_COMMA = YES;
				CLANG_WARN_CONSTANT_CONVERSION = YES;
				CLANG_WARN_DEPRECATED_OBJC_IMPLEMENTATIONS = YES;
				CLANG_WARN_DIRECT_OBJC_ISA_USAGE = YES_ERROR;
				CLANG_WARN_DOCUMENTATION_COMMENTS = YES;
				CLANG_WARN_EMPTY_BODY = YES;
				CLANG_WARN_ENUM_CONVERSION = YES;
				CLANG_WARN_INFINITE_RECURSION = YES;
				CLANG_WARN_INT_CONVERSION = YES;
				CLANG_WARN_NON_LITERAL_NULL_CONVERSION = YES;
				CLANG_WARN_OBJC_IMPLICIT_RETAIN_SELF = YES;
				CLANG_WARN_OBJC_LITERAL_CONVERSION = YES;
				CLANG_WARN_OBJC_ROOT_CLASS = YES_ERROR;
				CLANG_WARN_QUOTED_INCLUDE_IN_FRAMEWORK_HEADER = YES;
				CLANG_WARN_RANGE_LOOP_ANALYSIS = YES;
				CLANG_WARN_STRICT_PROTOTYPES = YES;
				CLANG_WARN_SUSPICIOUS_MOVE = YES;
				CLANG_WARN_UNGUARDED_AVAILABILITY = YES_AGGRESSIVE;
				CLANG_WARN_UNREACHABLE_CODE = YES;
				CLANG_WARN__DUPLICATE_METHOD_MATCH = YES;
				COPY_PHASE_STRIP = NO;
				DEBUG_INFORMATION_FORMAT = dwarf;
				ENABLE_STRICT_OBJC_MSGSEND = YES;
				ENABLE_TESTABILITY = YES;
				ENABLE_USER_SCRIPT_SANDBOXING = YES;
				GCC_C_LANGUAGE_STANDARD = gnu17;
				GCC_DYNAMIC_NO_PIC = NO;
				GCC_NO_COMMON_BLOCKS = YES;
				GCC_OPTIMIZATION_LEVEL = 0;
				GCC_PREPROCESSOR_DEFINITIONS = (
					"DEBUG=1",
					"$(inherited)",
				);
				GCC_WARN_64_TO_32_BIT_CONVERSION = YES;
				GCC_WARN_ABOUT_RETURN_TYPE = YES_ERROR;
				GCC_WARN_UNDECLARED_SELECTOR = YES;
				GCC_WARN_UNINITIALIZED_AUTOS = YES_AGGRESSIVE;
				GCC_WARN_UNUSED_FUNCTION = YES;
				GCC_WARN_UNUSED_VARIABLE = YES;
				LOCALIZATION_PREFERS_STRING_CATALOGS = YES;
				MTL_ENABLE_DEBUG_INFO = INCLUDE_SOURCE;
				MTL_FAST_MATH = YES;
				ONLY_ACTIVE_ARCH = YES;
				SWIFT_ACTIVE_COMPILATION_CONDITIONS = "DEBUG $(inherited)";
				SWIFT_OPTIMIZATION_LEVEL = "-Onone";
			};
			name = Debug;
		};
		2D214FE02CE080D200C932F3 /* Release */ = {
			isa = XCBuildConfiguration;
			buildSettings = {
				ALWAYS_SEARCH_USER_PATHS = NO;
				ASSETCATALOG_COMPILER_GENERATE_SWIFT_ASSET_SYMBOL_EXTENSIONS = YES;
				CLANG_ANALYZER_NONNULL = YES;
				CLANG_ANALYZER_NUMBER_OBJECT_CONVERSION = YES_AGGRESSIVE;
				CLANG_CXX_LANGUAGE_STANDARD = "gnu++20";
				CLANG_ENABLE_MODULES = YES;
				CLANG_ENABLE_OBJC_ARC = YES;
				CLANG_ENABLE_OBJC_WEAK = YES;
				CLANG_WARN_BLOCK_CAPTURE_AUTORELEASING = YES;
				CLANG_WARN_BOOL_CONVERSION = YES;
				CLANG_WARN_COMMA = YES;
				CLANG_WARN_CONSTANT_CONVERSION = YES;
				CLANG_WARN_DEPRECATED_OBJC_IMPLEMENTATIONS = YES;
				CLANG_WARN_DIRECT_OBJC_ISA_USAGE = YES_ERROR;
				CLANG_WARN_DOCUMENTATION_COMMENTS = YES;
				CLANG_WARN_EMPTY_BODY = YES;
				CLANG_WARN_ENUM_CONVERSION = YES;
				CLANG_WARN_INFINITE_RECURSION = YES;
				CLANG_WARN_INT_CONVERSION = YES;
				CLANG_WARN_NON_LITERAL_NULL_CONVERSION = YES;
				CLANG_WARN_OBJC_IMPLICIT_RETAIN_SELF = YES;
				CLANG_WARN_OBJC_LITERAL_CONVERSION = YES;
				CLANG_WARN_OBJC_ROOT_CLASS = YES_ERROR;
				CLANG_WARN_QUOTED_INCLUDE_IN_FRAMEWORK_HEADER = YES;
				CLANG_WARN_RANGE_LOOP_ANALYSIS = YES;
				CLANG_WARN_STRICT_PROTOTYPES = YES;
				CLANG_WARN_SUSPICIOUS_MOVE = YES;
				CLANG_WARN_UNGUARDED_AVAILABILITY = YES_AGGRESSIVE;
				CLANG_WARN_UNREACHABLE_CODE = YES;
				CLANG_WARN__DUPLICATE_METHOD_MATCH = YES;
				COPY_PHASE_STRIP = NO;
				DEBUG_INFORMATION_FORMAT = "dwarf-with-dsym";
				ENABLE_NS_ASSERTIONS = NO;
				ENABLE_STRICT_OBJC_MSGSEND = YES;
				ENABLE_USER_SCRIPT_SANDBOXING = YES;
				GCC_C_LANGUAGE_STANDARD = gnu17;
				GCC_NO_COMMON_BLOCKS = YES;
				GCC_WARN_64_TO_32_BIT_CONVERSION = YES;
				GCC_WARN_ABOUT_RETURN_TYPE = YES_ERROR;
				GCC_WARN_UNDECLARED_SELECTOR = YES;
				GCC_WARN_UNINITIALIZED_AUTOS = YES_AGGRESSIVE;
				GCC_WARN_UNUSED_FUNCTION = YES;
				GCC_WARN_UNUSED_VARIABLE = YES;
				LOCALIZATION_PREFERS_STRING_CATALOGS = YES;
				MTL_ENABLE_DEBUG_INFO = NO;
				MTL_FAST_MATH = YES;
				SWIFT_COMPILATION_MODE = wholemodule;
			};
			name = Release;
		};
		2D214FE22CE080D200C932F3 /* Debug */ = {
			isa = XCBuildConfiguration;
			buildSettings = {
				ASSETCATALOG_COMPILER_APPICON_NAME = AppIcon;
				ASSETCATALOG_COMPILER_GLOBAL_ACCENT_COLOR_NAME = AccentColor;
				CODE_SIGN_ENTITLEMENTS = TempoRun2/TempoRun2.entitlements;
				CODE_SIGN_STYLE = Automatic;
				CURRENT_PROJECT_VERSION = 1;
				DEVELOPMENT_ASSET_PATHS = "\"TempoRun2/Preview Content\"";
				DEVELOPMENT_TEAM = FAZU9SG22Q;
				ENABLE_HARDENED_RUNTIME = YES;
				ENABLE_PREVIEWS = YES;
				GENERATE_INFOPLIST_FILE = YES;
				INFOPLIST_FILE = TempoRun2/Info.plist;
				"INFOPLIST_KEY_UIApplicationSceneManifest_Generation[sdk=iphoneos*]" = YES;
				"INFOPLIST_KEY_UIApplicationSceneManifest_Generation[sdk=iphonesimulator*]" = YES;
				"INFOPLIST_KEY_UIApplicationSupportsIndirectInputEvents[sdk=iphoneos*]" = YES;
				"INFOPLIST_KEY_UIApplicationSupportsIndirectInputEvents[sdk=iphonesimulator*]" = YES;
				"INFOPLIST_KEY_UILaunchScreen_Generation[sdk=iphoneos*]" = YES;
				"INFOPLIST_KEY_UILaunchScreen_Generation[sdk=iphonesimulator*]" = YES;
				"INFOPLIST_KEY_UIStatusBarStyle[sdk=iphoneos*]" = UIStatusBarStyleDefault;
				"INFOPLIST_KEY_UIStatusBarStyle[sdk=iphonesimulator*]" = UIStatusBarStyleDefault;
				INFOPLIST_KEY_UISupportedInterfaceOrientations_iPad = "UIInterfaceOrientationPortrait UIInterfaceOrientationPortraitUpsideDown UIInterfaceOrientationLandscapeLeft UIInterfaceOrientationLandscapeRight";
				INFOPLIST_KEY_UISupportedInterfaceOrientations_iPhone = "UIInterfaceOrientationPortrait UIInterfaceOrientationLandscapeLeft UIInterfaceOrientationLandscapeRight";
				IPHONEOS_DEPLOYMENT_TARGET = 17.0;
				LD_RUNPATH_SEARCH_PATHS = "@executable_path/Frameworks";
				"LD_RUNPATH_SEARCH_PATHS[sdk=macosx*]" = "@executable_path/../Frameworks";
				MACOSX_DEPLOYMENT_TARGET = 13.6;
				MARKETING_VERSION = 1.0;
				PRODUCT_BUNDLE_IDENTIFIER = jjeronimo.TempoRun2;
				PRODUCT_NAME = "$(TARGET_NAME)";
				SDKROOT = auto;
				SUPPORTED_PLATFORMS = "iphoneos iphonesimulator macosx";
				SWIFT_EMIT_LOC_STRINGS = YES;
				SWIFT_VERSION = 5.0;
				TARGETED_DEVICE_FAMILY = "1,2";
			};
			name = Debug;
		};
		2D214FE32CE080D200C932F3 /* Release */ = {
			isa = XCBuildConfiguration;
			buildSettings = {
				ASSETCATALOG_COMPILER_APPICON_NAME = AppIcon;
				ASSETCATALOG_COMPILER_GLOBAL_ACCENT_COLOR_NAME = AccentColor;
				CODE_SIGN_ENTITLEMENTS = TempoRun2/TempoRun2.entitlements;
				CODE_SIGN_STYLE = Automatic;
				CURRENT_PROJECT_VERSION = 1;
				DEVELOPMENT_ASSET_PATHS = "\"TempoRun2/Preview Content\"";
				DEVELOPMENT_TEAM = FAZU9SG22Q;
				ENABLE_HARDENED_RUNTIME = YES;
				ENABLE_PREVIEWS = YES;
				GENERATE_INFOPLIST_FILE = YES;
				INFOPLIST_FILE = TempoRun2/Info.plist;
				"INFOPLIST_KEY_UIApplicationSceneManifest_Generation[sdk=iphoneos*]" = YES;
				"INFOPLIST_KEY_UIApplicationSceneManifest_Generation[sdk=iphonesimulator*]" = YES;
				"INFOPLIST_KEY_UIApplicationSupportsIndirectInputEvents[sdk=iphoneos*]" = YES;
				"INFOPLIST_KEY_UIApplicationSupportsIndirectInputEvents[sdk=iphonesimulator*]" = YES;
				"INFOPLIST_KEY_UILaunchScreen_Generation[sdk=iphoneos*]" = YES;
				"INFOPLIST_KEY_UILaunchScreen_Generation[sdk=iphonesimulator*]" = YES;
				"INFOPLIST_KEY_UIStatusBarStyle[sdk=iphoneos*]" = UIStatusBarStyleDefault;
				"INFOPLIST_KEY_UIStatusBarStyle[sdk=iphonesimulator*]" = UIStatusBarStyleDefault;
				INFOPLIST_KEY_UISupportedInterfaceOrientations_iPad = "UIInterfaceOrientationPortrait UIInterfaceOrientationPortraitUpsideDown UIInterfaceOrientationLandscapeLeft UIInterfaceOrientationLandscapeRight";
				INFOPLIST_KEY_UISupportedInterfaceOrientations_iPhone = "UIInterfaceOrientationPortrait UIInterfaceOrientationLandscapeLeft UIInterfaceOrientationLandscapeRight";
				IPHONEOS_DEPLOYMENT_TARGET = 17.0;
				LD_RUNPATH_SEARCH_PATHS = "@executable_path/Frameworks";
				"LD_RUNPATH_SEARCH_PATHS[sdk=macosx*]" = "@executable_path/../Frameworks";
				MACOSX_DEPLOYMENT_TARGET = 13.6;
				MARKETING_VERSION = 1.0;
				PRODUCT_BUNDLE_IDENTIFIER = jjeronimo.TempoRun2;
				PRODUCT_NAME = "$(TARGET_NAME)";
				SDKROOT = auto;
				SUPPORTED_PLATFORMS = "iphoneos iphonesimulator macosx";
				SWIFT_EMIT_LOC_STRINGS = YES;
				SWIFT_VERSION = 5.0;
				TARGETED_DEVICE_FAMILY = "1,2";
			};
			name = Release;
		};
		2D214FE52CE080D200C932F3 /* Debug */ = {
			isa = XCBuildConfiguration;
			buildSettings = {
				ALWAYS_EMBED_SWIFT_STANDARD_LIBRARIES = YES;
				BUNDLE_LOADER = "$(TEST_HOST)";
				CODE_SIGN_STYLE = Automatic;
				CURRENT_PROJECT_VERSION = 1;
				DEVELOPMENT_TEAM = FAZU9SG22Q;
				GENERATE_INFOPLIST_FILE = YES;
				IPHONEOS_DEPLOYMENT_TARGET = 17.0;
				MACOSX_DEPLOYMENT_TARGET = 13.6;
				MARKETING_VERSION = 1.0;
				PRODUCT_BUNDLE_IDENTIFIER = jjeronimo.TempoRun2Tests;
				PRODUCT_NAME = "$(TARGET_NAME)";
				SDKROOT = auto;
				SUPPORTED_PLATFORMS = "iphoneos iphonesimulator macosx";
				SWIFT_EMIT_LOC_STRINGS = NO;
				SWIFT_VERSION = 5.0;
				TARGETED_DEVICE_FAMILY = "1,2";
				TEST_HOST = "$(BUILT_PRODUCTS_DIR)/TempoRun2.app/$(BUNDLE_EXECUTABLE_FOLDER_PATH)/TempoRun2";
			};
			name = Debug;
		};
		2D214FE62CE080D200C932F3 /* Release */ = {
			isa = XCBuildConfiguration;
			buildSettings = {
				ALWAYS_EMBED_SWIFT_STANDARD_LIBRARIES = YES;
				BUNDLE_LOADER = "$(TEST_HOST)";
				CODE_SIGN_STYLE = Automatic;
				CURRENT_PROJECT_VERSION = 1;
				DEVELOPMENT_TEAM = FAZU9SG22Q;
				GENERATE_INFOPLIST_FILE = YES;
				IPHONEOS_DEPLOYMENT_TARGET = 17.0;
				MACOSX_DEPLOYMENT_TARGET = 13.6;
				MARKETING_VERSION = 1.0;
				PRODUCT_BUNDLE_IDENTIFIER = jjeronimo.TempoRun2Tests;
				PRODUCT_NAME = "$(TARGET_NAME)";
				SDKROOT = auto;
				SUPPORTED_PLATFORMS = "iphoneos iphonesimulator macosx";
				SWIFT_EMIT_LOC_STRINGS = NO;
				SWIFT_VERSION = 5.0;
				TARGETED_DEVICE_FAMILY = "1,2";
				TEST_HOST = "$(BUILT_PRODUCTS_DIR)/TempoRun2.app/$(BUNDLE_EXECUTABLE_FOLDER_PATH)/TempoRun2";
			};
			name = Release;
		};
		2D214FE82CE080D200C932F3 /* Debug */ = {
			isa = XCBuildConfiguration;
			buildSettings = {
				ALWAYS_EMBED_SWIFT_STANDARD_LIBRARIES = YES;
				CODE_SIGN_STYLE = Automatic;
				CURRENT_PROJECT_VERSION = 1;
				DEVELOPMENT_TEAM = FAZU9SG22Q;
				GENERATE_INFOPLIST_FILE = YES;
				IPHONEOS_DEPLOYMENT_TARGET = 17.0;
				MACOSX_DEPLOYMENT_TARGET = 13.6;
				MARKETING_VERSION = 1.0;
				PRODUCT_BUNDLE_IDENTIFIER = jjeronimo.TempoRun2UITests;
				PRODUCT_NAME = "$(TARGET_NAME)";
				SDKROOT = auto;
				SUPPORTED_PLATFORMS = "iphoneos iphonesimulator macosx";
				SWIFT_EMIT_LOC_STRINGS = NO;
				SWIFT_VERSION = 5.0;
				TARGETED_DEVICE_FAMILY = "1,2";
				TEST_TARGET_NAME = TempoRun2;
			};
			name = Debug;
		};
		2D214FE92CE080D200C932F3 /* Release */ = {
			isa = XCBuildConfiguration;
			buildSettings = {
				ALWAYS_EMBED_SWIFT_STANDARD_LIBRARIES = YES;
				CODE_SIGN_STYLE = Automatic;
				CURRENT_PROJECT_VERSION = 1;
				DEVELOPMENT_TEAM = FAZU9SG22Q;
				GENERATE_INFOPLIST_FILE = YES;
				IPHONEOS_DEPLOYMENT_TARGET = 17.0;
				MACOSX_DEPLOYMENT_TARGET = 13.6;
				MARKETING_VERSION = 1.0;
				PRODUCT_BUNDLE_IDENTIFIER = jjeronimo.TempoRun2UITests;
				PRODUCT_NAME = "$(TARGET_NAME)";
				SDKROOT = auto;
				SUPPORTED_PLATFORMS = "iphoneos iphonesimulator macosx";
				SWIFT_EMIT_LOC_STRINGS = NO;
				SWIFT_VERSION = 5.0;
				TARGETED_DEVICE_FAMILY = "1,2";
				TEST_TARGET_NAME = TempoRun2;
			};
			name = Release;
		};
/* End XCBuildConfiguration section */

/* Begin XCConfigurationList section */
		2D214FB72CE080D000C932F3 /* Build configuration list for PBXProject "TempoRun2" */ = {
			isa = XCConfigurationList;
			buildConfigurations = (
				2D214FDF2CE080D200C932F3 /* Debug */,
				2D214FE02CE080D200C932F3 /* Release */,
			);
			defaultConfigurationIsVisible = 0;
			defaultConfigurationName = Release;
		};
		2D214FE12CE080D200C932F3 /* Build configuration list for PBXNativeTarget "TempoRun2" */ = {
			isa = XCConfigurationList;
			buildConfigurations = (
				2D214FE22CE080D200C932F3 /* Debug */,
				2D214FE32CE080D200C932F3 /* Release */,
			);
			defaultConfigurationIsVisible = 0;
			defaultConfigurationName = Release;
		};
		2D214FE42CE080D200C932F3 /* Build configuration list for PBXNativeTarget "TempoRun2Tests" */ = {
			isa = XCConfigurationList;
			buildConfigurations = (
				2D214FE52CE080D200C932F3 /* Debug */,
				2D214FE62CE080D200C932F3 /* Release */,
			);
			defaultConfigurationIsVisible = 0;
			defaultConfigurationName = Release;
		};
		2D214FE72CE080D200C932F3 /* Build configuration list for PBXNativeTarget "TempoRun2UITests" */ = {
			isa = XCConfigurationList;
			buildConfigurations = (
				2D214FE82CE080D200C932F3 /* Debug */,
				2D214FE92CE080D200C932F3 /* Release */,
			);
			defaultConfigurationIsVisible = 0;
			defaultConfigurationName = Release;
		};
/* End XCConfigurationList section */
	};
	rootObject = 2D214FB42CE080D000C932F3 /* Project object */;
}
